
Microsoft Visual Studio Solution File, Format Version 12.00
# Visual Studio Version 16
VisualStudioVersion = 16.0.31112.23
MinimumVisualStudioVersion = 10.0.40219.1
Project("{FAE04EC0-301F-11D3-BF4B-00C04F79EFBC}") = "2_1_reflection", "2_1_reflection\2_1_reflection.csproj", "{3D3C157F-47D8-409D-8007-B9DE3FA074BC}"
EndProject
Global
	GlobalSection(SolutionConfigurationPlatforms) = preSolution
		Debug|Any CPU = Debug|Any CPU
		Release|Any CPU = Release|Any CPU
	EndGlobalSection
	GlobalSection(ProjectConfigurationPlatforms) = postSolution
		{3D3C157F-47D8-409D-8007-B9DE3FA074BC}.Debug|Any CPU.ActiveCfg = Debug|Any CPU
		{3D3C157F-47D8-409D-8007-B9DE3FA074BC}.Debug|Any CPU.Build.0 = Debug|Any CPU
		{3D3C157F-47D8-409D-8007-B9DE3FA074BC}.Release|Any CPU.ActiveCfg = Release|Any CPU
		{3D3C157F-47D8-409D-8007-B9DE3FA074BC}.Release|Any CPU.Build.0 = Release|Any CPU
	EndGlobalSection
	GlobalSection(SolutionProperties) = preSolution
		HideSolutionNode = FALSE
	EndGlobalSection
	GlobalSection(ExtensibilityGlobals) = postSolution
		SolutionGuid = {62003083-C4CC-4726-945B-11C231BDA489}
	EndGlobalSection
EndGlobal
